
Microsoft Visual Studio Solution File, Format Version 12.00
# Visual Studio Version 16
VisualStudioVersion = 16.0.30517.126
MinimumVisualStudioVersion = 10.0.40219.1
Project("{FAE04EC0-301F-11D3-BF4B-00C04F79EFBC}") = "CatsAndDogs", "CatsAndDogs\CatsAndDogs.csproj", "{12B2F583-D220-434E-9EE5-57F3A658851D}"
EndProject
Global
	GlobalSection(SolutionConfigurationPlatforms) = preSolution
		Debug|Any CPU = Debug|Any CPU
		Release|Any CPU = Release|Any CPU
	EndGlobalSection
	GlobalSection(ProjectConfigurationPlatforms) = postSolution
		{12B2F583-D220-434E-9EE5-57F3A658851D}.Debug|Any CPU.ActiveCfg = Debug|Any CPU
		{12B2F583-D220-434E-9EE5-57F3A658851D}.Debug|Any CPU.Build.0 = Debug|Any CPU
		{12B2F583-D220-434E-9EE5-57F3A658851D}.Release|Any CPU.ActiveCfg = Release|Any CPU
		{12B2F583-D220-434E-9EE5-57F3A658851D}.Release|Any CPU.Build.0 = Release|Any CPU
	EndGlobalSection
	GlobalSection(SolutionProperties) = preSolution
		HideSolutionNode = FALSE
	EndGlobalSection
	GlobalSection(ExtensibilityGlobals) = postSolution
		SolutionGuid = {C61B1A11-8CB0-4991-A458-4188F920B00A}
	EndGlobalSection
EndGlobal
